
Microsoft Visual Studio Solution File, Format Version 12.00
# Visual Studio 2013
VisualStudioVersion = 12.0.21005.1
MinimumVisualStudioVersion = 10.0.40219.1
Project("{8BC9CEB8-8B4A-11D0-8D11-00A0C91BC942}") = "2021-06-05", "2021-06-05\2021-06-05.vcxproj", "{DDE80EA7-C761-414B-B2A7-C7D07F1B69DD}"
EndProject
Global
	GlobalSection(SolutionConfigurationPlatforms) = preSolution
		Debug|Win32 = Debug|Win32
		Release|Win32 = Release|Win32
	EndGlobalSection
	GlobalSection(ProjectConfigurationPlatforms) = postSolution
		{DDE80EA7-C761-414B-B2A7-C7D07F1B69DD}.Debug|Win32.ActiveCfg = Debug|Win32
		{DDE80EA7-C761-414B-B2A7-C7D07F1B69DD}.Debug|Win32.Build.0 = Debug|Win32
		{DDE80EA7-C761-414B-B2A7-C7D07F1B69DD}.Release|Win32.ActiveCfg = Release|Win32
		{DDE80EA7-C761-414B-B2A7-C7D07F1B69DD}.Release|Win32.Build.0 = Release|Win32
	EndGlobalSection
	GlobalSection(SolutionProperties) = preSolution
		HideSolutionNode = FALSE
	EndGlobalSection
EndGlobal
