
Microsoft Visual Studio Solution File, Format Version 12.00
# Visual Studio 2013
VisualStudioVersion = 12.0.21005.1
MinimumVisualStudioVersion = 10.0.40219.1
Project("{8BC9CEB8-8B4A-11D0-8D11-00A0C91BC942}") = "2021-06-29", "2021-06-29\2021-06-29.vcxproj", "{3C6117E1-598A-4706-B06D-62BB271F847B}"
EndProject
Global
	GlobalSection(SolutionConfigurationPlatforms) = preSolution
		Debug|Win32 = Debug|Win32
		Release|Win32 = Release|Win32
	EndGlobalSection
	GlobalSection(ProjectConfigurationPlatforms) = postSolution
		{3C6117E1-598A-4706-B06D-62BB271F847B}.Debug|Win32.ActiveCfg = Debug|Win32
		{3C6117E1-598A-4706-B06D-62BB271F847B}.Debug|Win32.Build.0 = Debug|Win32
		{3C6117E1-598A-4706-B06D-62BB271F847B}.Release|Win32.ActiveCfg = Release|Win32
		{3C6117E1-598A-4706-B06D-62BB271F847B}.Release|Win32.Build.0 = Release|Win32
	EndGlobalSection
	GlobalSection(SolutionProperties) = preSolution
		HideSolutionNode = FALSE
	EndGlobalSection
EndGlobal
